
Microsoft Visual Studio Solution File, Format Version 12.00
# Visual Studio 2013
VisualStudioVersion = 12.0.30501.0
MinimumVisualStudioVersion = 10.0.40219.1
Project("{FAE04EC0-301F-11D3-BF4B-00C04F79EFBC}") = "ExcelHelper", "ExcelHelper\ExcelHelper.csproj", "{896BF677-FA24-482C-8858-A987CEBAF00A}"
EndProject
Project("{FAE04EC0-301F-11D3-BF4B-00C04F79EFBC}") = "ExcelHelper.Tests", "ExcelHelper.Tests\ExcelHelper.Tests.csproj", "{2BF18AD3-3A71-4BF6-BEBB-EF002BC4DABA}"
EndProject
Global
	GlobalSection(SolutionConfigurationPlatforms) = preSolution
		Debug|Any CPU = Debug|Any CPU
		Release|Any CPU = Release|Any CPU
	EndGlobalSection
	GlobalSection(ProjectConfigurationPlatforms) = postSolution
		{896BF677-FA24-482C-8858-A987CEBAF00A}.Debug|Any CPU.ActiveCfg = Debug|Any CPU
		{896BF677-FA24-482C-8858-A987CEBAF00A}.Debug|Any CPU.Build.0 = Debug|Any CPU
		{896BF677-FA24-482C-8858-A987CEBAF00A}.Release|Any CPU.ActiveCfg = Release|Any CPU
		{896BF677-FA24-482C-8858-A987CEBAF00A}.Release|Any CPU.Build.0 = Release|Any CPU
		{2BF18AD3-3A71-4BF6-BEBB-EF002BC4DABA}.Debug|Any CPU.ActiveCfg = Debug|Any CPU
		{2BF18AD3-3A71-4BF6-BEBB-EF002BC4DABA}.Debug|Any CPU.Build.0 = Debug|Any CPU
		{2BF18AD3-3A71-4BF6-BEBB-EF002BC4DABA}.Release|Any CPU.ActiveCfg = Release|Any CPU
		{2BF18AD3-3A71-4BF6-BEBB-EF002BC4DABA}.Release|Any CPU.Build.0 = Release|Any CPU
	EndGlobalSection
	GlobalSection(SolutionProperties) = preSolution
		HideSolutionNode = FALSE
	EndGlobalSection
EndGlobal
